
Microsoft Visual Studio Solution File, Format Version 12.00
# Visual Studio Version 17
VisualStudioVersion = 17.0.32112.339
MinimumVisualStudioVersion = 10.0.40219.1
Project("{9A19103F-16F7-4668-BE54-9A1E7A4F7556}") = "MetricsAgent", "MetricsAgent\MetricsAgent.csproj", "{F46140A5-9284-4E62-BD1F-38421EDF038D}"
EndProject
Project("{9A19103F-16F7-4668-BE54-9A1E7A4F7556}") = "MetricsAgentTest", "MetricsAgentTest\MetricsAgentTest.csproj", "{5F444061-B156-492F-897F-33792AFD0ED0}"
EndProject
Project("{FAE04EC0-301F-11D3-BF4B-00C04F79EFBC}") = "Core", "Core\Core.csproj", "{8B603F1F-8491-4D31-88B5-9D4EA6289519}"
EndProject
Project("{FAE04EC0-301F-11D3-BF4B-00C04F79EFBC}") = "MetricsManager", "MetricsManager\MetricsManager.csproj", "{DF5BCF7C-22AB-46DF-A93C-4431ABF567D5}"
EndProject
Project("{FAE04EC0-301F-11D3-BF4B-00C04F79EFBC}") = "MetricsManagerTests", "MetricsManagerTests\MetricsManagerTests.csproj", "{27097450-3C58-4CBA-9977-4EBB492A475B}"
EndProject
Project("{FAE04EC0-301F-11D3-BF4B-00C04F79EFBC}") = "MetricsServiceUi", "MetricsServiceUi\MetricsServiceUi.csproj", "{1E7F560B-467D-40A7-87AB-2AF3167AE947}"
EndProject
Global
	GlobalSection(SolutionConfigurationPlatforms) = preSolution
		Debug|Any CPU = Debug|Any CPU
		Release|Any CPU = Release|Any CPU
	EndGlobalSection
	GlobalSection(ProjectConfigurationPlatforms) = postSolution
		{F46140A5-9284-4E62-BD1F-38421EDF038D}.Debug|Any CPU.ActiveCfg = Debug|Any CPU
		{F46140A5-9284-4E62-BD1F-38421EDF038D}.Debug|Any CPU.Build.0 = Debug|Any CPU
		{F46140A5-9284-4E62-BD1F-38421EDF038D}.Release|Any CPU.ActiveCfg = Release|Any CPU
		{F46140A5-9284-4E62-BD1F-38421EDF038D}.Release|Any CPU.Build.0 = Release|Any CPU
		{5F444061-B156-492F-897F-33792AFD0ED0}.Debug|Any CPU.ActiveCfg = Debug|Any CPU
		{5F444061-B156-492F-897F-33792AFD0ED0}.Debug|Any CPU.Build.0 = Debug|Any CPU
		{5F444061-B156-492F-897F-33792AFD0ED0}.Release|Any CPU.ActiveCfg = Release|Any CPU
		{5F444061-B156-492F-897F-33792AFD0ED0}.Release|Any CPU.Build.0 = Release|Any CPU
		{8B603F1F-8491-4D31-88B5-9D4EA6289519}.Debug|Any CPU.ActiveCfg = Debug|Any CPU
		{8B603F1F-8491-4D31-88B5-9D4EA6289519}.Debug|Any CPU.Build.0 = Debug|Any CPU
		{8B603F1F-8491-4D31-88B5-9D4EA6289519}.Release|Any CPU.ActiveCfg = Release|Any CPU
		{8B603F1F-8491-4D31-88B5-9D4EA6289519}.Release|Any CPU.Build.0 = Release|Any CPU
		{DF5BCF7C-22AB-46DF-A93C-4431ABF567D5}.Debug|Any CPU.ActiveCfg = Debug|Any CPU
		{DF5BCF7C-22AB-46DF-A93C-4431ABF567D5}.Debug|Any CPU.Build.0 = Debug|Any CPU
		{DF5BCF7C-22AB-46DF-A93C-4431ABF567D5}.Release|Any CPU.ActiveCfg = Release|Any CPU
		{DF5BCF7C-22AB-46DF-A93C-4431ABF567D5}.Release|Any CPU.Build.0 = Release|Any CPU
		{27097450-3C58-4CBA-9977-4EBB492A475B}.Debug|Any CPU.ActiveCfg = Debug|Any CPU
		{27097450-3C58-4CBA-9977-4EBB492A475B}.Debug|Any CPU.Build.0 = Debug|Any CPU
		{27097450-3C58-4CBA-9977-4EBB492A475B}.Release|Any CPU.ActiveCfg = Release|Any CPU
		{27097450-3C58-4CBA-9977-4EBB492A475B}.Release|Any CPU.Build.0 = Release|Any CPU
		{1E7F560B-467D-40A7-87AB-2AF3167AE947}.Debug|Any CPU.ActiveCfg = Debug|Any CPU
		{1E7F560B-467D-40A7-87AB-2AF3167AE947}.Debug|Any CPU.Build.0 = Debug|Any CPU
		{1E7F560B-467D-40A7-87AB-2AF3167AE947}.Release|Any CPU.ActiveCfg = Release|Any CPU
		{1E7F560B-467D-40A7-87AB-2AF3167AE947}.Release|Any CPU.Build.0 = Release|Any CPU
	EndGlobalSection
	GlobalSection(SolutionProperties) = preSolution
		HideSolutionNode = FALSE
	EndGlobalSection
	GlobalSection(ExtensibilityGlobals) = postSolution
		SolutionGuid = {F9826558-EBFA-46B1-B866-3B47DB368493}
	EndGlobalSection
EndGlobal
